{
  "version": 4,
  "terraform_version": "1.8.0",
  "serial": 45,
  "lineage": "36fdd596-61a5-4072-9113-cf333960c9ee",
  "outputs": {
    "automatic_ip_assignment": {
      "value": {
        "dns": [
          "8.8.8.8"
        ],
        "gateway": "10.1.10.254",
        "ips": [
          "10.1.10.10",
          "10.1.10.11"
        ]
      },
      "type": [
        "object",
        {
          "dns": [
            "list",
            "string"
          ],
          "gateway": "string",
          "ips": [
            "tuple",
            [
              "string",
              "string"
            ]
          ]
        }
      ]
    }
  },
  "resources": [
    {
      "mode": "data",
      "type": "vsphere_compute_cluster",
      "name": "cluster",
      "provider": "provider[\"registry.terraform.io/hashicorp/vsphere\"]",
      "instances": [
        {
          "schema_version": 0,
          "attributes": {
            "datacenter_id": "datacenter-3",
            "id": "domain-c17",
            "name": "Clu001-UCS02-PRD",
            "resource_pool_id": "resgroup-18"
          },
          "sensitive_attributes": []
        }
      ]
    },
    {
      "mode": "data",
      "type": "vsphere_datacenter",
      "name": "dtx1",
      "provider": "provider[\"registry.terraform.io/hashicorp/vsphere\"]",
      "instances": [
        {
          "schema_version": 0,
          "attributes": {
            "id": "datacenter-3",
            "name": "DTX1",
            "virtual_machines": [
              "UCS",
              "VM-AutoLab",
              "pfe-vm-01",
              "pfe-vm-02",
              "testwin",
              "ubuntu-24.04-template",
              "win2025-template"
            ]
          },
          "sensitive_attributes": []
        }
      ]
    },
    {
      "mode": "data",
      "type": "vsphere_datastore",
      "name": "ds",
      "provider": "provider[\"registry.terraform.io/hashicorp/vsphere\"]",
      "instances": [
        {
          "schema_version": 0,
          "attributes": {
            "datacenter_id": "datacenter-3",
            "id": "datastore-12016",
            "name": "ds001-lab-stw3-data1-dtx1",
            "stats": {
              "capacity": "1099243192320",
              "free": "549899468800"
            }
          },
          "sensitive_attributes": []
        }
      ]
    },
    {
      "mode": "data",
      "type": "vsphere_distributed_virtual_switch",
      "name": "vds",
      "provider": "provider[\"registry.terraform.io/hashicorp/vsphere\"]",
      "instances": [
        {
          "schema_version": 0,
          "attributes": {
            "datacenter_id": "datacenter-3",
            "id": "50 36 e9 a1 74 18 f0 03-f5 58 a4 e2 1c 66 db 9f",
            "name": "PRD",
            "uplinks": [
              "Uplink 1",
              "Uplink 2"
            ]
          },
          "sensitive_attributes": []
        }
      ]
    },
    {
      "mode": "data",
      "type": "vsphere_virtual_machine",
      "name": "template",
      "provider": "provider[\"registry.terraform.io/hashicorp/vsphere\"]",
      "instances": [
        {
          "schema_version": 0,
          "attributes": {
            "alternate_guest_name": "",
            "annotation": "",
            "boot_delay": 0,
            "boot_retry_delay": 10000,
            "boot_retry_enabled": false,
            "change_version": "2026-04-27T13:23:36.77154Z",
            "cpu_hot_add_enabled": false,
            "cpu_hot_remove_enabled": false,
            "cpu_limit": -1,
            "cpu_performance_counters_enabled": false,
            "cpu_reservation": 0,
            "cpu_share_count": 1000,
            "cpu_share_level": "normal",
            "datacenter_id": "datacenter-3",
            "default_ip_address": null,
            "disks": [
              {
                "eagerly_scrub": false,
                "label": "Hard disk 1",
                "size": 40,
                "thin_provisioned": true,
                "unit_number": 0
              }
            ],
            "efi_secure_boot_enabled": false,
            "enable_disk_uuid": false,
            "enable_logging": true,
            "ept_rvi_mode": "automatic",
            "extra_config": {},
            "extra_config_reboot_required": true,
            "firmware": "efi",
            "folder": null,
            "guest_id": "ubuntu64Guest",
            "guest_ip_addresses": [],
            "hardware_version": 19,
            "hv_mode": "hvAuto",
            "id": "423698ca-f196-7ce9-8cdf-6f5c6a245f09",
            "ide_controller_scan_count": 2,
            "instance_uuid": "5036221f-6174-7d41-e44f-4c7ad465d480",
            "latency_sensitivity": "normal",
            "memory": 12288,
            "memory_hot_add_enabled": false,
            "memory_limit": -1,
            "memory_reservation": 0,
            "memory_reservation_locked_to_max": false,
            "memory_share_count": 320,
            "memory_share_level": "normal",
            "moid": "vm-12281",
            "name": "ubuntu-24.04-template",
            "nested_hv_enabled": false,
            "network_interface_types": [
              "vmxnet3"
            ],
            "network_interfaces": [
              {
                "adapter_type": "vmxnet3",
                "bandwidth_limit": -1,
                "bandwidth_reservation": 0,
                "bandwidth_share_count": 50,
                "bandwidth_share_level": "normal",
                "mac_address": "00:50:56:b6:d8:e6",
                "network_id": "dvportgroup-12017",
                "physical_function": ""
              }
            ],
            "num_cores_per_socket": 1,
            "num_cpus": 8,
            "nvme_controller_scan_count": 1,
            "replace_trigger": null,
            "run_tools_scripts_after_power_on": true,
            "run_tools_scripts_after_resume": true,
            "run_tools_scripts_before_guest_reboot": false,
            "run_tools_scripts_before_guest_shutdown": true,
            "run_tools_scripts_before_guest_standby": true,
            "sata_controller_scan_count": 0,
            "scsi_bus_sharing": "noSharing",
            "scsi_controller_scan_count": 1,
            "scsi_type": "pvscsi",
            "storage_policy_id": null,
            "swap_placement_policy": "inherit",
            "sync_time_with_host": true,
            "sync_time_with_host_periodically": false,
            "tools_upgrade_policy": "manual",
            "uuid": "423698ca-f196-7ce9-8cdf-6f5c6a245f09",
            "vapp": null,
            "vapp_transport": [],
            "vbs_enabled": false,
            "vtpm": false,
            "vvtd_enabled": false
          },
          "sensitive_attributes": []
        }
      ]
    },
    {
      "mode": "managed",
      "type": "vsphere_distributed_port_group",
      "name": "pg",
      "provider": "provider[\"registry.terraform.io/hashicorp/vsphere\"]",
      "instances": [
        {
          "schema_version": 0,
          "attributes": {
            "active_uplinks": [
              "Uplink 1",
              "Uplink 2"
            ],
            "allow_forged_transmits": false,
            "allow_mac_changes": false,
            "allow_promiscuous": false,
            "auto_expand": true,
            "block_all_ports": false,
            "block_override_allowed": false,
            "check_beacon": false,
            "config_version": "1",
            "custom_attributes": {},
            "description": "",
            "directpath_gen2_allowed": false,
            "distributed_virtual_switch_uuid": "50 36 e9 a1 74 18 f0 03-f5 58 a4 e2 1c 66 db 9f",
            "egress_shaping_average_bandwidth": 100000000,
            "egress_shaping_burst_size": 104857600,
            "egress_shaping_enabled": false,
            "egress_shaping_peak_bandwidth": 100000000,
            "failback": true,
            "id": "dvportgroup-12046",
            "ingress_shaping_average_bandwidth": 100000000,
            "ingress_shaping_burst_size": 104857600,
            "ingress_shaping_enabled": false,
            "ingress_shaping_peak_bandwidth": 100000000,
            "key": "dvportgroup-12046",
            "lacp_enabled": false,
            "lacp_mode": "passive",
            "live_port_moving_allowed": false,
            "name": "test-pfe",
            "netflow_enabled": false,
            "netflow_override_allowed": false,
            "network_resource_pool_key": "-1",
            "network_resource_pool_override_allowed": false,
            "notify_switches": true,
            "number_of_ports": 8,
            "port_config_reset_at_disconnect": false,
            "port_name_format": "",
            "port_private_secondary_vlan_id": null,
            "security_policy_override_allowed": false,
            "shaping_override_allowed": false,
            "standby_uplinks": [],
            "tags": [],
            "teaming_policy": "loadbalance_srcid",
            "traffic_filter_override_allowed": false,
            "tx_uplink": false,
            "type": "earlyBinding",
            "uplink_teaming_override_allowed": false,
            "vlan_id": 10,
            "vlan_override_allowed": false,
            "vlan_range": []
          },
          "sensitive_attributes": [],
          "private": "bnVsbA==",
          "dependencies": [
            "data.vsphere_datacenter.dtx1",
            "data.vsphere_distributed_virtual_switch.vds"
          ]
        }
      ]
    }
  ],
  "check_results": [
    {
      "object_kind": "resource",
      "config_addr": "vsphere_virtual_machine.vm",
      "status": "pass",
      "objects": [
        {
          "object_addr": "vsphere_virtual_machine.vm[1]",
          "status": "pass"
        },
        {
          "object_addr": "vsphere_virtual_machine.vm[0]",
          "status": "pass"
        }
      ]
    },
    {
      "object_kind": "var",
      "config_addr": "var.ip_addressing_mode",
      "status": "pass",
      "objects": [
        {
          "object_addr": "var.ip_addressing_mode",
          "status": "pass"
        }
      ]
    },
    {
      "object_kind": "var",
      "config_addr": "var.storage_provisioning_type",
      "status": "pass",
      "objects": [
        {
          "object_addr": "var.storage_provisioning_type",
          "status": "pass"
        }
      ]
    }
  ]
}
